// !$*UTF8*$!
{
	archiveVersion = 1;
	classes = {
	};
	objectVersion = 50;
	objects = {

/* Begin PBXBuildFile section */
		704EAE902515BAB80040979A /* AppDelegate.swift in Sources */ = {isa = PBXBuildFile; fileRef = 704EAE8F2515BAB80040979A /* AppDelegate.swift */; };
		704EAE922515BAB80040979A /* SceneDelegate.swift in Sources */ = {isa = PBXBuildFile; fileRef = 704EAE912515BAB80040979A /* SceneDelegate.swift */; };
		704EAE942515BAB80040979A /* RecordSoundsViewController.swift in Sources */ = {isa = PBXBuildFile; fileRef = 704EAE932515BAB80040979A /* RecordSoundsViewController.swift */; };
		704EAE972515BAB80040979A /* Main.storyboard in Resources */ = {isa = PBXBuildFile; fileRef = 704EAE952515BAB80040979A /* Main.storyboard */; };
		704EAE992515BAB90040979A /* Assets.xcassets in Resources */ = {isa = PBXBuildFile; fileRef = 704EAE982515BAB90040979A /* Assets.xcassets */; };
		704EAE9C2515BAB90040979A /* LaunchScreen.storyboard in Resources */ = {isa = PBXBuildFile; fileRef = 704EAE9A2515BAB90040979A /* LaunchScreen.storyboard */; };
		704EAEA72515BAB90040979A /* PitchPerfectTests.swift in Sources */ = {isa = PBXBuildFile; fileRef = 704EAEA62515BAB90040979A /* PitchPerfectTests.swift */; };
		704EAEB22515BAB90040979A /* PitchPerfectUITests.swift in Sources */ = {isa = PBXBuildFile; fileRef = 704EAEB12515BAB90040979A /* PitchPerfectUITests.swift */; };
		70FC78FA2521A17A00995466 /* PlaySoundsViewController.swift in Sources */ = {isa = PBXBuildFile; fileRef = 70FC78F92521A17A00995466 /* PlaySoundsViewController.swift */; };
/* End PBXBuildFile section */

/* Begin PBXContainerItemProxy section */
		704EAEA32515BAB90040979A /* PBXContainerItemProxy */ = {
			isa = PBXContainerItemProxy;
			containerPortal = 704EAE842515BAB80040979A /* Project object */;
			proxyType = 1;
			remoteGlobalIDString = 704EAE8B2515BAB80040979A;
			remoteInfo = PitchPerfect;
		};
		704EAEAE2515BAB90040979A /* PBXContainerItemProxy */ = {
			isa = PBXContainerItemProxy;
			containerPortal = 704EAE842515BAB80040979A /* Project object */;
			proxyType = 1;
			remoteGlobalIDString = 704EAE8B2515BAB80040979A;
			remoteInfo = PitchPerfect;
		};
/* End PBXContainerItemProxy section */

/* Begin PBXFileReference section */
		704EAE8C2515BAB80040979A /* PitchPerfect.app */ = {isa = PBXFileReference; explicitFileType = wrapper.application; includeInIndex = 0; path = PitchPerfect.app; sourceTree = BUILT_PRODUCTS_DIR; };
		704EAE8F2515BAB80040979A /* AppDelegate.swift */ = {isa = PBXFileReference; lastKnownFileType = sourcecode.swift; path = AppDelegate.swift; sourceTree = "<group>"; };
		704EAE912515BAB80040979A /* SceneDelegate.swift */ = {isa = PBXFileReference; lastKnownFileType = sourcecode.swift; path = SceneDelegate.swift; sourceTree = "<group>"; };
		704EAE932515BAB80040979A /* RecordSoundsViewController.swift */ = {isa = PBXFileReference; lastKnownFileType = sourcecode.swift; path = RecordSoundsViewController.swift; sourceTree = "<group>"; };
		704EAE962515BAB80040979A /* Base */ = {isa = PBXFileReference; lastKnownFileType = file.storyboard; name = Base; path = Base.lproj/Main.storyboard; sourceTree = "<group>"; };
		704EAE982515BAB90040979A /* Assets.xcassets */ = {isa = PBXFileReference; lastKnownFileType = folder.assetcatalog; path = Assets.xcassets; sourceTree = "<group>"; };
		704EAE9B2515BAB90040979A /* Base */ = {isa = PBXFileReference; lastKnownFileType = file.storyboard; name = Base; path = Base.lproj/LaunchScreen.storyboard; sourceTree = "<group>"; };
		704EAE9D2515BAB90040979A /* Info.plist */ = {isa = PBXFileReference; lastKnownFileType = text.plist.xml; path = Info.plist; sourceTree = "<group>"; };
		704EAEA22515BAB90040979A /* PitchPerfectTests.xctest */ = {isa = PBXFileReference; explicitFileType = wrapper.cfbundle; includeInIndex = 0; path = PitchPerfectTests.xctest; sourceTree = BUILT_PRODUCTS_DIR; };
		704EAEA62515BAB90040979A /* PitchPerfectTests.swift */ = {isa = PBXFileReference; lastKnownFileType = sourcecode.swift; path = PitchPerfectTests.swift; sourceTree = "<group>"; };
		704EAEA82515BAB90040979A /* Info.plist */ = {isa = PBXFileReference; lastKnownFileType = text.plist.xml; path = Info.plist; sourceTree = "<group>"; };
		704EAEAD2515BAB90040979A /* PitchPerfectUITests.xctest */ = {isa = PBXFileReference; explicitFileType = wrapper.cfbundle; includeInIndex = 0; path = PitchPerfectUITests.xctest; sourceTree = BUILT_PRODUCTS_DIR; };
		704EAEB12515BAB90040979A /* PitchPerfectUITests.swift */ = {isa = PBXFileReference; lastKnownFileType = sourcecode.swift; path = PitchPerfectUITests.swift; sourceTree = "<group>"; };
		704EAEB32515BAB90040979A /* Info.plist */ = {isa = PBXFileReference; lastKnownFileType = text.plist.xml; path = Info.plist; sourceTree = "<group>"; };
		70FC78F92521A17A00995466 /* PlaySoundsViewController.swift */ = {isa = PBXFileReference; lastKnownFileType = sourcecode.swift; path = PlaySoundsViewController.swift; sourceTree = "<group>"; };
/* End PBXFileReference section */

/* Begin PBXFrameworksBuildPhase section */
		704EAE892515BAB80040979A /* Frameworks */ = {
			isa = PBXFrameworksBuildPhase;
			buildActionMask = 2147483647;
			files = (
			);
			runOnlyForDeploymentPostprocessing = 0;
		};
		704EAE9F2515BAB90040979A /* Frameworks */ = {
			isa = PBXFrameworksBuildPhase;
			buildActionMask = 2147483647;
			files = (
			);
			runOnlyForDeploymentPostprocessing = 0;
		};
		704EAEAA2515BAB90040979A /* Frameworks */ = {
			isa = PBXFrameworksBuildPhase;
			buildActionMask = 2147483647;
			files = (
			);
			runOnlyForDeploymentPostprocessing = 0;
		};
/* End PBXFrameworksBuildPhase section */

/* Begin PBXGroup section */
		704EAE832515BAB80040979A = {
			isa = PBXGroup;
			children = (
				704EAE8E2515BAB80040979A /* PitchPerfect */,
				704EAEA52515BAB90040979A /* PitchPerfectTests */,
				704EAEB02515BAB90040979A /* PitchPerfectUITests */,
				704EAE8D2515BAB80040979A /* Products */,
			);
			sourceTree = "<group>";
		};
		704EAE8D2515BAB80040979A /* Products */ = {
			isa = PBXGroup;
			children = (
				704EAE8C2515BAB80040979A /* PitchPerfect.app */,
				704EAEA22515BAB90040979A /* PitchPerfectTests.xctest */,
				704EAEAD2515BAB90040979A /* PitchPerfectUITests.xctest */,
			);
			name = Products;
			sourceTree = "<group>";
		};
		704EAE8E2515BAB80040979A /* PitchPerfect */ = {
			isa = PBXGroup;
			children = (
				704EAE8F2515BAB80040979A /* AppDelegate.swift */,
				704EAE912515BAB80040979A /* SceneDelegate.swift */,
				704EAE932515BAB80040979A /* RecordSoundsViewController.swift */,
				704EAE952515BAB80040979A /* Main.storyboard */,
				704EAE982515BAB90040979A /* Assets.xcassets */,
				704EAE9A2515BAB90040979A /* LaunchScreen.storyboard */,
				704EAE9D2515BAB90040979A /* Info.plist */,
				70FC78F92521A17A00995466 /* PlaySoundsViewController.swift */,
			);
			path = PitchPerfect;
			sourceTree = "<group>";
		};
		704EAEA52515BAB90040979A /* PitchPerfectTests */ = {
			isa = PBXGroup;
			children = (
				704EAEA62515BAB90040979A /* PitchPerfectTests.swift */,
				704EAEA82515BAB90040979A /* Info.plist */,
			);
			path = PitchPerfectTests;
			sourceTree = "<group>";
		};
		704EAEB02515BAB90040979A /* PitchPerfectUITests */ = {
			isa = PBXGroup;
			children = (
				704EAEB12515BAB90040979A /* PitchPerfectUITests.swift */,
				704EAEB32515BAB90040979A /* Info.plist */,
			);
			path = PitchPerfectUITests;
			sourceTree = "<group>";
		};
/* End PBXGroup section */

/* Begin PBXNativeTarget section */
		704EAE8B2515BAB80040979A /* PitchPerfect */ = {
			isa = PBXNativeTarget;
			buildConfigurationList = 704EAEB62515BAB90040979A /* Build configuration list for PBXNativeTarget "PitchPerfect" */;
			buildPhases = (
				704EAE882515BAB80040979A /* Sources */,
				704EAE892515BAB80040979A /* Frameworks */,
				704EAE8A2515BAB80040979A /* Resources */,
			);
			buildRules = (
			);
			dependencies = (
			);
			name = PitchPerfect;
			productName = PitchPerfect;
			productReference = 704EAE8C2515BAB80040979A /* PitchPerfect.app */;
			productType = "com.apple.product-type.application";
		};
		704EAEA12515BAB90040979A /* PitchPerfectTests */ = {
			isa = PBXNativeTarget;
			buildConfigurationList = 704EAEB92515BAB90040979A /* Build configuration list for PBXNativeTarget "PitchPerfectTests" */;
			buildPhases = (
				704EAE9E2515BAB90040979A /* Sources */,
				704EAE9F2515BAB90040979A /* Frameworks */,
				704EAEA02515BAB90040979A /* Resources */,
			);
			buildRules = (
			);
			dependencies = (
				704EAEA42515BAB90040979A /* PBXTargetDependency */,
			);
			name = PitchPerfectTests;
			productName = PitchPerfectTests;
			productReference = 704EAEA22515BAB90040979A /* PitchPerfectTests.xctest */;
			productType = "com.apple.product-type.bundle.unit-test";
		};
		704EAEAC2515BAB90040979A /* PitchPerfectUITests */ = {
			isa = PBXNativeTarget;
			buildConfigurationList = 704EAEBC2515BAB90040979A /* Build configuration list for PBXNativeTarget "PitchPerfectUITests" */;
			buildPhases = (
				704EAEA92515BAB90040979A /* Sources */,
				704EAEAA2515BAB90040979A /* Frameworks */,
				704EAEAB2515BAB90040979A /* Resources */,
			);
			buildRules = (
			);
			dependencies = (
				704EAEAF2515BAB90040979A /* PBXTargetDependency */,
			);
			name = PitchPerfectUITests;
			productName = PitchPerfectUITests;
			productReference = 704EAEAD2515BAB90040979A /* PitchPerfectUITests.xctest */;
			productType = "com.apple.product-type.bundle.ui-testing";
		};
/* End PBXNativeTarget section */

/* Begin PBXProject section */
		704EAE842515BAB80040979A /* Project object */ = {
			isa = PBXProject;
			attributes = {
				LastSwiftUpdateCheck = 1200;
				LastUpgradeCheck = 1200;
				TargetAttributes = {
					704EAE8B2515BAB80040979A = {
						CreatedOnToolsVersion = 12.0;
					};
					704EAEA12515BAB90040979A = {
						CreatedOnToolsVersion = 12.0;
						TestTargetID = 704EAE8B2515BAB80040979A;
					};
					704EAEAC2515BAB90040979A = {
						CreatedOnToolsVersion = 12.0;
						TestTargetID = 704EAE8B2515BAB80040979A;
					};
				};
			};
			buildConfigurationList = 704EAE872515BAB80040979A /* Build configuration list for PBXProject "PitchPerfect" */;
			compatibilityVersion = "Xcode 9.3";
			developmentRegion = en;
			hasScannedForEncodings = 0;
			knownRegions = (
				en,
				Base,
			);
			mainGroup = 704EAE832515BAB80040979A;
			productRefGroup = 704EAE8D2515BAB80040979A /* Products */;
			projectDirPath = "";
			projectRoot = "";
			targets = (
				704EAE8B2515BAB80040979A /* PitchPerfect */,
				704EAEA12515BAB90040979A /* PitchPerfectTests */,
				704EAEAC2515BAB90040979A /* PitchPerfectUITests */,
			);
		};
/* End PBXProject section */

/* Begin PBXResourcesBuildPhase section */
		704EAE8A2515BAB80040979A /* Resources */ = {
			isa = PBXResourcesBuildPhase;
			buildActionMask = 2147483647;
			files = (
				704EAE9C2515BAB90040979A /* LaunchScreen.storyboard in Resources */,
				704EAE992515BAB90040979A /* Assets.xcassets in Resources */,
				704EAE972515BAB80040979A /* Main.storyboard in Resources */,
			);
			runOnlyForDeploymentPostprocessing = 0;
		};
		704EAEA02515BAB90040979A /* Resources */ = {
			isa = PBXResourcesBuildPhase;
			buildActionMask = 2147483647;
			files = (
			);
			runOnlyForDeploymentPostprocessing = 0;
		};
		704EAEAB2515BAB90040979A /* Resources */ = {
			isa = PBXResourcesBuildPhase;
			buildActionMask = 2147483647;
			files = (
			);
			runOnlyForDeploymentPostprocessing = 0;
		};
/* End PBXResourcesBuildPhase section */

/* Begin PBXSourcesBuildPhase section */
		704EAE882515BAB80040979A /* Sources */ = {
			isa = PBXSourcesBuildPhase;
			buildActionMask = 2147483647;
			files = (
				704EAE942515BAB80040979A /* RecordSoundsViewController.swift in Sources */,
				704EAE902515BAB80040979A /* AppDelegate.swift in Sources */,
				70FC78FA2521A17A00995466 /* PlaySoundsViewController.swift in Sources */,
				704EAE922515BAB80040979A /* SceneDelegate.swift in Sources */,
			);
			runOnlyForDeploymentPostprocessing = 0;
		};
		704EAE9E2515BAB90040979A /* Sources */ = {
			isa = PBXSourcesBuildPhase;
			buildActionMask = 2147483647;
			files = (
				704EAEA72515BAB90040979A /* PitchPerfectTests.swift in Sources */,
			);
			runOnlyForDeploymentPostprocessing = 0;
		};
		704EAEA92515BAB90040979A /* Sources */ = {
			isa = PBXSourcesBuildPhase;
			buildActionMask = 2147483647;
			files = (
				704EAEB22515BAB90040979A /* PitchPerfectUITests.swift in Sources */,
			);
			runOnlyForDeploymentPostprocessing = 0;
		};
/* End PBXSourcesBuildPhase section */

/* Begin PBXTargetDependency section */
		704EAEA42515BAB90040979A /* PBXTargetDependency */ = {
			isa = PBXTargetDependency;
			target = 704EAE8B2515BAB80040979A /* PitchPerfect */;
			targetProxy = 704EAEA32515BAB90040979A /* PBXContainerItemProxy */;
		};
		704EAEAF2515BAB90040979A /* PBXTargetDependency */ = {
			isa = PBXTargetDependency;
			target = 704EAE8B2515BAB80040979A /* PitchPerfect */;
			targetProxy = 704EAEAE2515BAB90040979A /* PBXContainerItemProxy */;
		};
/* End PBXTargetDependency section */

/* Begin PBXVariantGroup section */
		704EAE952515BAB80040979A /* Main.storyboard */ = {
			isa = PBXVariantGroup;
			children = (
				704EAE962515BAB80040979A /* Base */,
			);
			name = Main.storyboard;
			sourceTree = "<group>";
		};
		704EAE9A2515BAB90040979A /* LaunchScreen.storyboard */ = {
			isa = PBXVariantGroup;
			children = (
				704EAE9B2515BAB90040979A /* Base */,
			);
			name = LaunchScreen.storyboard;
			sourceTree = "<group>";
		};
/* End PBXVariantGroup section */

/* Begin XCBuildConfiguration section */
		704EAEB42515BAB90040979A /* Debug */ = {
			isa = XCBuildConfiguration;
			buildSettings = {
				ALWAYS_SEARCH_USER_PATHS = NO;
				CLANG_ANALYZER_NONNULL = YES;
				CLANG_ANALYZER_NUMBER_OBJECT_CONVERSION = YES_AGGRESSIVE;
				CLANG_CXX_LANGUAGE_STANDARD = "gnu++14";
				CLANG_CXX_LIBRARY = "libc++";
				CLANG_ENABLE_MODULES = YES;
				CLANG_ENABLE_OBJC_ARC = YES;
				CLANG_ENABLE_OBJC_WEAK = YES;
				CLANG_WARN_BLOCK_CAPTURE_AUTORELEASING = YES;
				CLANG_WARN_BOOL_CONVERSION = YES;
				CLANG_WARN_COMMA = YES;
				CLANG_WARN_CONSTANT_CONVERSION = YES;
				CLANG_WARN_DEPRECATED_OBJC_IMPLEMENTATIONS = YES;
				CLANG_WARN_DIRECT_OBJC_ISA_USAGE = YES_ERROR;
				CLANG_WARN_DOCUMENTATION_COMMENTS = YES;
				CLANG_WARN_EMPTY_BODY = YES;
				CLANG_WARN_ENUM_CONVERSION = YES;
				CLANG_WARN_INFINITE_RECURSION = YES;
				CLANG_WARN_INT_CONVERSION = YES;
				CLANG_WARN_NON_LITERAL_NULL_CONVERSION = YES;
				CLANG_WARN_OBJC_IMPLICIT_RETAIN_SELF = YES;
				CLANG_WARN_OBJC_LITERAL_CONVERSION = YES;
				CLANG_WARN_OBJC_ROOT_CLASS = YES_ERROR;
				CLANG_WARN_QUOTED_INCLUDE_IN_FRAMEWORK_HEADER = YES;
				CLANG_WARN_RANGE_LOOP_ANALYSIS = YES;
				CLANG_WARN_STRICT_PROTOTYPES = YES;
				CLANG_WARN_SUSPICIOUS_MOVE = YES;
				CLANG_WARN_UNGUARDED_AVAILABILITY = YES_AGGRESSIVE;
				CLANG_WARN_UNREACHABLE_CODE = YES;
				CLANG_WARN__DUPLICATE_METHOD_MATCH = YES;
				COPY_PHASE_STRIP = NO;
				DEBUG_INFORMATION_FORMAT = dwarf;
				ENABLE_STRICT_OBJC_MSGSEND = YES;
				ENABLE_TESTABILITY = YES;
				GCC_C_LANGUAGE_STANDARD = gnu11;
				GCC_DYNAMIC_NO_PIC = NO;
				GCC_NO_COMMON_BLOCKS = YES;
				GCC_OPTIMIZATION_LEVEL = 0;
				GCC_PREPROCESSOR_DEFINITIONS = (
					"DEBUG=1",
					"$(inherited)",
				);
				GCC_WARN_64_TO_32_BIT_CONVERSION = YES;
				GCC_WARN_ABOUT_RETURN_TYPE = YES_ERROR;
				GCC_WARN_UNDECLARED_SELECTOR = YES;
				GCC_WARN_UNINITIALIZED_AUTOS = YES_AGGRESSIVE;
				GCC_WARN_UNUSED_FUNCTION = YES;
				GCC_WARN_UNUSED_VARIABLE = YES;
				IPHONEOS_DEPLOYMENT_TARGET = 14.0;
				MTL_ENABLE_DEBUG_INFO = INCLUDE_SOURCE;
				MTL_FAST_MATH = YES;
				ONLY_ACTIVE_ARCH = YES;
				SDKROOT = iphoneos;
				SWIFT_ACTIVE_COMPILATION_CONDITIONS = DEBUG;
				SWIFT_OPTIMIZATION_LEVEL = "-Onone";
			};
			name = Debug;
		};
		704EAEB52515BAB90040979A /* Release */ = {
			isa = XCBuildConfiguration;
			buildSettings = {
				ALWAYS_SEARCH_USER_PATHS = NO;
				CLANG_ANALYZER_NONNULL = YES;
				CLANG_ANALYZER_NUMBER_OBJECT_CONVERSION = YES_AGGRESSIVE;
				CLANG_CXX_LANGUAGE_STANDARD = "gnu++14";
				CLANG_CXX_LIBRARY = "libc++";
				CLANG_ENABLE_MODULES = YES;
				CLANG_ENABLE_OBJC_ARC = YES;
				CLANG_ENABLE_OBJC_WEAK = YES;
				CLANG_WARN_BLOCK_CAPTURE_AUTORELEASING = YES;
				CLANG_WARN_BOOL_CONVERSION = YES;
				CLANG_WARN_COMMA = YES;
				CLANG_WARN_CONSTANT_CONVERSION = YES;
				CLANG_WARN_DEPRECATED_OBJC_IMPLEMENTATIONS = YES;
				CLANG_WARN_DIRECT_OBJC_ISA_USAGE = YES_ERROR;
				CLANG_WARN_DOCUMENTATION_COMMENTS = YES;
				CLANG_WARN_EMPTY_BODY = YES;
				CLANG_WARN_ENUM_CONVERSION = YES;
				CLANG_WARN_INFINITE_RECURSION = YES;
				CLANG_WARN_INT_CONVERSION = YES;
				CLANG_WARN_NON_LITERAL_NULL_CONVERSION = YES;
				CLANG_WARN_OBJC_IMPLICIT_RETAIN_SELF = YES;
				CLANG_WARN_OBJC_LITERAL_CONVERSION = YES;
				CLANG_WARN_OBJC_ROOT_CLASS = YES_ERROR;
				CLANG_WARN_QUOTED_INCLUDE_IN_FRAMEWORK_HEADER = YES;
				CLANG_WARN_RANGE_LOOP_ANALYSIS = YES;
				CLANG_WARN_STRICT_PROTOTYPES = YES;
				CLANG_WARN_SUSPICIOUS_MOVE = YES;
				CLANG_WARN_UNGUARDED_AVAILABILITY = YES_AGGRESSIVE;
				CLANG_WARN_UNREACHABLE_CODE = YES;
				CLANG_WARN__DUPLICATE_METHOD_MATCH = YES;
				COPY_PHASE_STRIP = NO;
				DEBUG_INFORMATION_FORMAT = "dwarf-with-dsym";
				ENABLE_NS_ASSERTIONS = NO;
				ENABLE_STRICT_OBJC_MSGSEND = YES;
				GCC_C_LANGUAGE_STANDARD = gnu11;
				GCC_NO_COMMON_BLOCKS = YES;
				GCC_WARN_64_TO_32_BIT_CONVERSION = YES;
				GCC_WARN_ABOUT_RETURN_TYPE = YES_ERROR;
				GCC_WARN_UNDECLARED_SELECTOR = YES;
				GCC_WARN_UNINITIALIZED_AUTOS = YES_AGGRESSIVE;
				GCC_WARN_UNUSED_FUNCTION = YES;
				GCC_WARN_UNUSED_VARIABLE = YES;
				IPHONEOS_DEPLOYMENT_TARGET = 14.0;
				MTL_ENABLE_DEBUG_INFO = NO;
				MTL_FAST_MATH = YES;
				SDKROOT = iphoneos;
				SWIFT_COMPILATION_MODE = wholemodule;
				SWIFT_OPTIMIZATION_LEVEL = "-O";
				VALIDATE_PRODUCT = YES;
			};
			name = Release;
		};
		704EAEB72515BAB90040979A /* Debug */ = {
			isa = XCBuildConfiguration;
			buildSettings = {
				ASSETCATALOG_COMPILER_APPICON_NAME = AppIcon;
				ASSETCATALOG_COMPILER_GLOBAL_ACCENT_COLOR_NAME = AccentColor;
				CODE_SIGN_STYLE = Automatic;
				DEVELOPMENT_TEAM = N2WKMJD783;
				INFOPLIST_FILE = PitchPerfect/Info.plist;
				LD_RUNPATH_SEARCH_PATHS = (
					"$(inherited)",
					"@executable_path/Frameworks",
				);
				PRODUCT_BUNDLE_IDENTIFIER = Codeparh.PitchPerfect;
				PRODUCT_NAME = "$(TARGET_NAME)";
				SWIFT_VERSION = 5.0;
				TARGETED_DEVICE_FAMILY = "1,2";
			};
			name = Debug;
		};
		704EAEB82515BAB90040979A /* Release */ = {
			isa = XCBuildConfiguration;
			buildSettings = {
				ASSETCATALOG_COMPILER_APPICON_NAME = AppIcon;
				ASSETCATALOG_COMPILER_GLOBAL_ACCENT_COLOR_NAME = AccentColor;
				CODE_SIGN_STYLE = Automatic;
				DEVELOPMENT_TEAM = N2WKMJD783;
				INFOPLIST_FILE = PitchPerfect/Info.plist;
				LD_RUNPATH_SEARCH_PATHS = (
					"$(inherited)",
					"@executable_path/Frameworks",
				);
				PRODUCT_BUNDLE_IDENTIFIER = Codeparh.PitchPerfect;
				PRODUCT_NAME = "$(TARGET_NAME)";
				SWIFT_VERSION = 5.0;
				TARGETED_DEVICE_FAMILY = "1,2";
			};
			name = Release;
		};
		704EAEBA2515BAB90040979A /* Debug */ = {
			isa = XCBuildConfiguration;
			buildSettings = {
				ALWAYS_EMBED_SWIFT_STANDARD_LIBRARIES = YES;
				BUNDLE_LOADER = "$(TEST_HOST)";
				CODE_SIGN_STYLE = Automatic;
				DEVELOPMENT_TEAM = N2WKMJD783;
				INFOPLIST_FILE = PitchPerfectTests/Info.plist;
				IPHONEOS_DEPLOYMENT_TARGET = 14.0;
				LD_RUNPATH_SEARCH_PATHS = (
					"$(inherited)",
					"@executable_path/Frameworks",
					"@loader_path/Frameworks",
				);
				PRODUCT_BUNDLE_IDENTIFIER = Codeparh.PitchPerfectTests;
				PRODUCT_NAME = "$(TARGET_NAME)";
				SWIFT_VERSION = 5.0;
				TARGETED_DEVICE_FAMILY = "1,2";
				TEST_HOST = "$(BUILT_PRODUCTS_DIR)/PitchPerfect.app/PitchPerfect";
			};
			name = Debug;
		};
		704EAEBB2515BAB90040979A /* Release */ = {
			isa = XCBuildConfiguration;
			buildSettings = {
				ALWAYS_EMBED_SWIFT_STANDARD_LIBRARIES = YES;
				BUNDLE_LOADER = "$(TEST_HOST)";
				CODE_SIGN_STYLE = Automatic;
				DEVELOPMENT_TEAM = N2WKMJD783;
				INFOPLIST_FILE = PitchPerfectTests/Info.plist;
				IPHONEOS_DEPLOYMENT_TARGET = 14.0;
				LD_RUNPATH_SEARCH_PATHS = (
					"$(inherited)",
					"@executable_path/Frameworks",
					"@loader_path/Frameworks",
				);
				PRODUCT_BUNDLE_IDENTIFIER = Codeparh.PitchPerfectTests;
				PRODUCT_NAME = "$(TARGET_NAME)";
				SWIFT_VERSION = 5.0;
				TARGETED_DEVICE_FAMILY = "1,2";
				TEST_HOST = "$(BUILT_PRODUCTS_DIR)/PitchPerfect.app/PitchPerfect";
			};
			name = Release;
		};
		704EAEBD2515BAB90040979A /* Debug */ = {
			isa = XCBuildConfiguration;
			buildSettings = {
				ALWAYS_EMBED_SWIFT_STANDARD_LIBRARIES = YES;
				CODE_SIGN_STYLE = Automatic;
				DEVELOPMENT_TEAM = N2WKMJD783;
				INFOPLIST_FILE = PitchPerfectUITests/Info.plist;
				LD_RUNPATH_SEARCH_PATHS = (
					"$(inherited)",
					"@executable_path/Frameworks",
					"@loader_path/Frameworks",
				);
				PRODUCT_BUNDLE_IDENTIFIER = Codeparh.PitchPerfectUITests;
				PRODUCT_NAME = "$(TARGET_NAME)";
				SWIFT_VERSION = 5.0;
				TARGETED_DEVICE_FAMILY = "1,2";
				TEST_TARGET_NAME = PitchPerfect;
			};
			name = Debug;
		};
		704EAEBE2515BAB90040979A /* Release */ = {
			isa = XCBuildConfiguration;
			buildSettings = {
				ALWAYS_EMBED_SWIFT_STANDARD_LIBRARIES = YES;
				CODE_SIGN_STYLE = Automatic;
				DEVELOPMENT_TEAM = N2WKMJD783;
				INFOPLIST_FILE = PitchPerfectUITests/Info.plist;
				LD_RUNPATH_SEARCH_PATHS = (
					"$(inherited)",
					"@executable_path/Frameworks",
					"@loader_path/Frameworks",
				);
				PRODUCT_BUNDLE_IDENTIFIER = Codeparh.PitchPerfectUITests;
				PRODUCT_NAME = "$(TARGET_NAME)";
				SWIFT_VERSION = 5.0;
				TARGETED_DEVICE_FAMILY = "1,2";
				TEST_TARGET_NAME = PitchPerfect;
			};
			name = Release;
		};
/* End XCBuildConfiguration section */

/* Begin XCConfigurationList section */
		704EAE872515BAB80040979A /* Build configuration list for PBXProject "PitchPerfect" */ = {
			isa = XCConfigurationList;
			buildConfigurations = (
				704EAEB42515BAB90040979A /* Debug */,
				704EAEB52515BAB90040979A /* Release */,
			);
			defaultConfigurationIsVisible = 0;
			defaultConfigurationName = Release;
		};
		704EAEB62515BAB90040979A /* Build configuration list for PBXNativeTarget "PitchPerfect" */ = {
			isa = XCConfigurationList;
			buildConfigurations = (
				704EAEB72515BAB90040979A /* Debug */,
				704EAEB82515BAB90040979A /* Release */,
			);
			defaultConfigurationIsVisible = 0;
			defaultConfigurationName = Release;
		};
		704EAEB92515BAB90040979A /* Build configuration list for PBXNativeTarget "PitchPerfectTests" */ = {
			isa = XCConfigurationList;
			buildConfigurations = (
				704EAEBA2515BAB90040979A /* Debug */,
				704EAEBB2515BAB90040979A /* Release */,
			);
			defaultConfigurationIsVisible = 0;
			defaultConfigurationName = Release;
		};
		704EAEBC2515BAB90040979A /* Build configuration list for PBXNativeTarget "PitchPerfectUITests" */ = {
			isa = XCConfigurationList;
			buildConfigurations = (
				704EAEBD2515BAB90040979A /* Debug */,
				704EAEBE2515BAB90040979A /* Release */,
			);
			defaultConfigurationIsVisible = 0;
			defaultConfigurationName = Release;
		};
/* End XCConfigurationList section */
	};
	rootObject = 704EAE842515BAB80040979A /* Project object */;
}
